%{"html_entities": {:hex, :html_entities, "0.4.0", "f2fee876858cf6aaa9db608820a3209e45a087c5177332799592142b50e89a6b", [], [], "hexpm"},
  "parsey": {:hex, :parsey, "0.0.2", "40356be7a83d5b56a670266fb69c9a2f95f638d1ad28803610f833cee71cac33", [], [], "hexpm"},
  "simple_markdown": {:hex, :simple_markdown, "0.3.0", "5e5cc27c67cec3fb7994124e42f9be3272845e9b06d3b2c810fa85694ed80932", [], [{:html_entities, "~> 0.3", [hex: :html_entities, repo: "hexpm", optional: false]}, {:parsey, "~> 0.0.2", [hex: :parsey, repo: "hexpm", optional: false]}], "hexpm"}}
